<Solution>
  <Folder Name="/examples/">
    <Project Path="examples/Example.LoggerDemo/Example.LoggerDemo.csproj" />
    <Project Path="examples/Example.OTelDemo/Example.OTelDemo.csproj" />
  </Folder>
  <Project Path="bielu.tdsharp.abstractions/bielu.tdsharp.abstractions.csproj" />
  <Project Path="bielu.tdsharp.aspnetcore.logger.tests/bielu.tdsharp.aspnetcore.logger.tests.csproj" />
  <Project Path="bielu.tdsharp.aspnetcore.logger/bielu.tdsharp.aspnetcore.logger.csproj" />
  <Project Path="bielu.tdsharp.client.factory/bielu.tdsharp.client.factory.csproj" />
  <Project Path="bielu.tdsharp.client.factory.tests/bielu.tdsharp.client.factory.tests.csproj" />
  <Project Path="bielu.tdsharp.opentelemetry/bielu.tdsharp.opentelemetry.csproj" />
  <Project Path="bielu.tdsharp.opentelemetry.tests/bielu.tdsharp.opentelemetry.tests.csproj" />
</Solution>
